
Microsoft Visual Studio Solution File, Format Version 12.00
# Visual Studio Version 16
VisualStudioVersion = 16.0.36227.6
MinimumVisualStudioVersion = 10.0.40219.1
Project("{FAE04EC0-301F-11D3-BF4B-00C04F79EFBC}") = "lotto", "lotto\lotto.csproj", "{F7D63BA1-D8C7-4894-8B20-BA19D9C0AAAA}"
EndProject
Global
	GlobalSection(SolutionConfigurationPlatforms) = preSolution
		Debug|Any CPU = Debug|Any CPU
		Release|Any CPU = Release|Any CPU
	EndGlobalSection
	GlobalSection(ProjectConfigurationPlatforms) = postSolution
		{F7D63BA1-D8C7-4894-8B20-BA19D9C0AAAA}.Debug|Any CPU.ActiveCfg = Debug|Any CPU
		{F7D63BA1-D8C7-4894-8B20-BA19D9C0AAAA}.Debug|Any CPU.Build.0 = Debug|Any CPU
		{F7D63BA1-D8C7-4894-8B20-BA19D9C0AAAA}.Release|Any CPU.ActiveCfg = Release|Any CPU
		{F7D63BA1-D8C7-4894-8B20-BA19D9C0AAAA}.Release|Any CPU.Build.0 = Release|Any CPU
	EndGlobalSection
	GlobalSection(SolutionProperties) = preSolution
		HideSolutionNode = FALSE
	EndGlobalSection
	GlobalSection(ExtensibilityGlobals) = postSolution
		SolutionGuid = {A4EB9C34-C866-460B-93E4-15A849EF4585}
	EndGlobalSection
EndGlobal
